
Microsoft Visual Studio Solution File, Format Version 12.00
# Visual Studio 2013
VisualStudioVersion = 12.0.30723.0
MinimumVisualStudioVersion = 10.0.40219.1
Project("{FAE04EC0-301F-11D3-BF4B-00C04F79EFBC}") = "ExtendedBuildings", "ExtendedBuildings\ExtendedBuildings.csproj", "{1A8A3CA0-2A40-41DF-989A-7E918EF59538}"
EndProject
Project("{FAE04EC0-301F-11D3-BF4B-00C04F79EFBC}") = "ConsoleApplication1", "ConsoleApplication1\ConsoleApplication1.csproj", "{E3053AE0-66BB-48B8-B759-9F7D0DD80E0C}"
EndProject
Global
	GlobalSection(SolutionConfigurationPlatforms) = preSolution
		Debug|Any CPU = Debug|Any CPU
		Release|Any CPU = Release|Any CPU
	EndGlobalSection
	GlobalSection(ProjectConfigurationPlatforms) = postSolution
		{1A8A3CA0-2A40-41DF-989A-7E918EF59538}.Debug|Any CPU.ActiveCfg = Debug|Any CPU
		{1A8A3CA0-2A40-41DF-989A-7E918EF59538}.Debug|Any CPU.Build.0 = Debug|Any CPU
		{1A8A3CA0-2A40-41DF-989A-7E918EF59538}.Release|Any CPU.ActiveCfg = Release|Any CPU
		{1A8A3CA0-2A40-41DF-989A-7E918EF59538}.Release|Any CPU.Build.0 = Release|Any CPU
		{E3053AE0-66BB-48B8-B759-9F7D0DD80E0C}.Debug|Any CPU.ActiveCfg = Debug|Any CPU
		{E3053AE0-66BB-48B8-B759-9F7D0DD80E0C}.Debug|Any CPU.Build.0 = Debug|Any CPU
		{E3053AE0-66BB-48B8-B759-9F7D0DD80E0C}.Release|Any CPU.ActiveCfg = Release|Any CPU
		{E3053AE0-66BB-48B8-B759-9F7D0DD80E0C}.Release|Any CPU.Build.0 = Release|Any CPU
	EndGlobalSection
	GlobalSection(SolutionProperties) = preSolution
		HideSolutionNode = FALSE
	EndGlobalSection
EndGlobal
